
Microsoft Visual Studio Solution File, Format Version 12.00
# Visual Studio Version 16
VisualStudioVersion = 16.0.31702.278
MinimumVisualStudioVersion = 10.0.40219.1
Project("{FAE04EC0-301F-11D3-BF4B-00C04F79EFBC}") = "UC8InsertAtPosition", "UC8InsertAtPosition.csproj", "{253D003B-6742-4C69-A0DC-A41B8106679C}"
EndProject
Global
	GlobalSection(SolutionConfigurationPlatforms) = preSolution
		Debug|Any CPU = Debug|Any CPU
		Release|Any CPU = Release|Any CPU
	EndGlobalSection
	GlobalSection(ProjectConfigurationPlatforms) = postSolution
		{253D003B-6742-4C69-A0DC-A41B8106679C}.Debug|Any CPU.ActiveCfg = Debug|Any CPU
		{253D003B-6742-4C69-A0DC-A41B8106679C}.Debug|Any CPU.Build.0 = Debug|Any CPU
		{253D003B-6742-4C69-A0DC-A41B8106679C}.Release|Any CPU.ActiveCfg = Release|Any CPU
		{253D003B-6742-4C69-A0DC-A41B8106679C}.Release|Any CPU.Build.0 = Release|Any CPU
	EndGlobalSection
	GlobalSection(SolutionProperties) = preSolution
		HideSolutionNode = FALSE
	EndGlobalSection
	GlobalSection(ExtensibilityGlobals) = postSolution
		SolutionGuid = {A9E0D62F-2347-4740-A9E3-69767E766C21}
	EndGlobalSection
EndGlobal
